
Microsoft Visual Studio Solution File, Format Version 12.00
# Visual Studio Version 16
VisualStudioVersion = 16.0.30225.117
MinimumVisualStudioVersion = 10.0.40219.1
Project("{8BC9CEB8-8B4A-11D0-8D11-00A0C91BC942}") = "Excercise1", "Excercise1.vcxproj", "{0E762180-050B-43BC-B1CA-3DBD55AF97DC}"
EndProject
Global
	GlobalSection(SolutionConfigurationPlatforms) = preSolution
		Debug|x64 = Debug|x64
		Debug|x86 = Debug|x86
		Release|x64 = Release|x64
		Release|x86 = Release|x86
	EndGlobalSection
	GlobalSection(ProjectConfigurationPlatforms) = postSolution
		{0E762180-050B-43BC-B1CA-3DBD55AF97DC}.Debug|x64.ActiveCfg = Debug|x64
		{0E762180-050B-43BC-B1CA-3DBD55AF97DC}.Debug|x64.Build.0 = Debug|x64
		{0E762180-050B-43BC-B1CA-3DBD55AF97DC}.Debug|x86.ActiveCfg = Debug|Win32
		{0E762180-050B-43BC-B1CA-3DBD55AF97DC}.Debug|x86.Build.0 = Debug|Win32
		{0E762180-050B-43BC-B1CA-3DBD55AF97DC}.Release|x64.ActiveCfg = Release|x64
		{0E762180-050B-43BC-B1CA-3DBD55AF97DC}.Release|x64.Build.0 = Release|x64
		{0E762180-050B-43BC-B1CA-3DBD55AF97DC}.Release|x86.ActiveCfg = Release|Win32
		{0E762180-050B-43BC-B1CA-3DBD55AF97DC}.Release|x86.Build.0 = Release|Win32
	EndGlobalSection
	GlobalSection(SolutionProperties) = preSolution
		HideSolutionNode = FALSE
	EndGlobalSection
	GlobalSection(ExtensibilityGlobals) = postSolution
		SolutionGuid = {4A1BC4ED-6980-4770-94E7-5C3EBBAEF7E9}
	EndGlobalSection
EndGlobal
